{
  "originHash" : "7116bf192140a98b1d49eabf491d2d02a58cc3ba1f59647d0b605e71e67607b4",
  "pins" : [
    {
      "identity" : "geodesy",
      "kind" : "remoteSourceControl",
      "location" : "https://github.com/danielctull/Geodesy.git",
      "state" : {
        "branch" : "main",
        "revision" : "03abe336b963068e57e26a3f07af62654c0a4f0f"
      }
    },
    {
      "identity" : "mapbox-common-ios",
      "kind" : "remoteSourceControl",
      "location" : "https://github.com/mapbox/mapbox-common-ios.git",
      "state" : {
        "revision" : "462930ede08570c1636601c5d5bdad35c6d96330",
        "version" : "23.11.0"
      }
    },
    {
      "identity" : "mapbox-core-maps-ios",
      "kind" : "remoteSourceControl",
      "location" : "https://github.com/mapbox/mapbox-core-maps-ios.git",
      "state" : {
        "revision" : "a46690fa9a8def6a5b77f380082bccdf63170a02",
        "version" : "10.19.1"
      }
    },
    {
      "identity" : "mapbox-maps-ios",
      "kind" : "remoteSourceControl",
      "location" : "https://github.com/mapbox/mapbox-maps-ios.git",
      "state" : {
        "revision" : "43857045685cc53c69c6b529682579205de91581",
        "version" : "10.19.0"
      }
    },
    {
      "identity" : "sqlite.swift",
      "kind" : "remoteSourceControl",
      "location" : "https://github.com/stephencelis/SQLite.swift.git",
      "state" : {
        "revision" : "a95fc6df17d108bd99210db5e8a9bac90fe984b8",
        "version" : "0.15.3"
      }
    },
    {
      "identity" : "turf-swift",
      "kind" : "remoteSourceControl",
      "location" : "https://github.com/mapbox/turf-swift.git",
      "state" : {
        "revision" : "213050191cfcb3d5aa76e1fa90c6ff1e182a42ca",
        "version" : "2.8.0"
      }
    }
  ],
  "version" : 3
}
